
Microsoft Visual Studio Solution File, Format Version 11.00
# Visual Studio 2010
Project("{FAE04EC0-301F-11D3-BF4B-00C04F79EFBC}") = "Assembly-CSharp", "Assembly-CSharp.csproj", "{e604cc82-16bc-8488-0389-dfe4c7bc3ae8}"
EndProject
Project("{FAE04EC0-301F-11D3-BF4B-00C04F79EFBC}") = "Assembly-CSharp-firstpass", "Assembly-CSharp-firstpass.csproj", "{dfb89f6f-b046-68df-df3b-09a7ba3183fa}"
EndProject
Project("{FAE04EC0-301F-11D3-BF4B-00C04F79EFBC}") = "Assembly-CSharp-Editor-firstpass", "Assembly-CSharp-Editor-firstpass.csproj", "{a64c862d-338e-eea5-28cf-6278b285c622}"
EndProject
Global
	GlobalSection(SolutionConfigurationPlatforms) = preSolution
		Debug|Any CPU = Debug|Any CPU
	EndGlobalSection
	GlobalSection(ProjectConfigurationPlatforms) = postSolution
		{e604cc82-16bc-8488-0389-dfe4c7bc3ae8}.Debug|Any CPU.ActiveCfg = Debug|Any CPU
		{e604cc82-16bc-8488-0389-dfe4c7bc3ae8}.Debug|Any CPU.Build.0 = Debug|Any CPU
		{dfb89f6f-b046-68df-df3b-09a7ba3183fa}.Debug|Any CPU.ActiveCfg = Debug|Any CPU
		{dfb89f6f-b046-68df-df3b-09a7ba3183fa}.Debug|Any CPU.Build.0 = Debug|Any CPU
		{a64c862d-338e-eea5-28cf-6278b285c622}.Debug|Any CPU.ActiveCfg = Debug|Any CPU
		{a64c862d-338e-eea5-28cf-6278b285c622}.Debug|Any CPU.Build.0 = Debug|Any CPU
	EndGlobalSection
	GlobalSection(SolutionProperties) = preSolution
		HideSolutionNode = FALSE
	EndGlobalSection
EndGlobal
