
Microsoft Visual Studio Solution File, Format Version 11.00
# Visual Studio 2010
Project("{FAE04EC0-301F-11D3-BF4B-00C04F79EFBC}") = "Game", "Game.csproj", "{C89CED05-356D-A73B-1DA9-C5610F42C18C}"
EndProject
Project("{FAE04EC0-301F-11D3-BF4B-00C04F79EFBC}") = "Tests1", "Tests1.csproj", "{98FF3DDE-2084-0D89-FB91-F935123BBDCC}"
EndProject
Global
	GlobalSection(SolutionConfigurationPlatforms) = preSolution
		Debug|Any CPU = Debug|Any CPU
		Release|Any CPU = Release|Any CPU
	EndGlobalSection
	GlobalSection(ProjectConfigurationPlatforms) = postSolution
		{C89CED05-356D-A73B-1DA9-C5610F42C18C}.Debug|Any CPU.ActiveCfg = Debug|Any CPU
		{C89CED05-356D-A73B-1DA9-C5610F42C18C}.Debug|Any CPU.Build.0 = Debug|Any CPU
		{C89CED05-356D-A73B-1DA9-C5610F42C18C}.Release|Any CPU.ActiveCfg = Release|Any CPU
		{C89CED05-356D-A73B-1DA9-C5610F42C18C}.Release|Any CPU.Build.0 = Release|Any CPU
		{98FF3DDE-2084-0D89-FB91-F935123BBDCC}.Debug|Any CPU.ActiveCfg = Debug|Any CPU
		{98FF3DDE-2084-0D89-FB91-F935123BBDCC}.Debug|Any CPU.Build.0 = Debug|Any CPU
		{98FF3DDE-2084-0D89-FB91-F935123BBDCC}.Release|Any CPU.ActiveCfg = Release|Any CPU
		{98FF3DDE-2084-0D89-FB91-F935123BBDCC}.Release|Any CPU.Build.0 = Release|Any CPU
	EndGlobalSection
	GlobalSection(SolutionProperties) = preSolution
		HideSolutionNode = FALSE
	EndGlobalSection
EndGlobal
